{
  "requires": true,
  "lockfileVersion": 1,
  "dependencies": {
    "@dccs/utils": {
      "version": "0.2.1",
      "resolved": "https://registry.npmjs.org/@dccs/utils/-/utils-0.2.1.tgz",
      "integrity": "sha512-CFml2D0UXUYRMgatcrUdG+s8vgyUDXB06mXn4gMQzzR9BcSPaXL++/hqReC8mmlyb3b3x6OaOCHuKelgkNpnFw=="
    },
    "react-searchable-select-mui": {
      "version": "1.0.0",
      "resolved": "https://registry.npmjs.org/react-searchable-select-mui/-/react-searchable-select-mui-1.0.0.tgz",
      "integrity": "sha512-j7phAVVy5owH+ar2SsWsBIYV0mVU6pH+oRhal9CDI1UrsqP7RODCS1UCx8dlkRykaJBkr34ur1j5zTzCxA+V3A==",
      "requires": {
        "@dccs/utils": "0.2.1"
      }
    }
  }
}
